
Microsoft Visual Studio Solution File, Format Version 12.00
# Visual Studio Version 16
VisualStudioVersion = 16.0.28729.10
MinimumVisualStudioVersion = 10.0.40219.1
Project("{FAE04EC0-301F-11D3-BF4B-00C04F79EFBC}") = "FreeNet", "FreeNet\FreeNet.csproj", "{C71FF3A3-1824-41F7-97B5-F39866050A61}"
EndProject
Project("{FAE04EC0-301F-11D3-BF4B-00C04F79EFBC}") = "CSampleServer", "CSampleServer\CSampleServer.csproj", "{20C868AD-13AE-4663-B122-750E61975610}"
EndProject
Project("{FAE04EC0-301F-11D3-BF4B-00C04F79EFBC}") = "CSampleClient", "CSampleClient\CSampleClient.csproj", "{5F13C99E-91E0-41EC-BA87-C4EA8E82C665}"
EndProject
Project("{FAE04EC0-301F-11D3-BF4B-00C04F79EFBC}") = "GameServer", "GameServer\GameServer.csproj", "{E6CAE12D-8B54-4AB9-8FCA-BF195B3E1FC8}"
EndProject
Project("{FAE04EC0-301F-11D3-BF4B-00C04F79EFBC}") = "Test", "Test\Test.csproj", "{E31901D8-A144-48C9-BD49-9FF20B4A95E0}"
EndProject
Project("{FAE04EC0-301F-11D3-BF4B-00C04F79EFBC}") = "NoTitleGameServer", "NoTitleGameServer\NoTitleGameServer.csproj", "{F42DAC09-FB5D-4747-8265-1826CAB4B933}"
EndProject
Global
	GlobalSection(SolutionConfigurationPlatforms) = preSolution
		Debug|Any CPU = Debug|Any CPU
		Release|Any CPU = Release|Any CPU
	EndGlobalSection
	GlobalSection(ProjectConfigurationPlatforms) = postSolution
		{C71FF3A3-1824-41F7-97B5-F39866050A61}.Debug|Any CPU.ActiveCfg = Debug|Any CPU
		{C71FF3A3-1824-41F7-97B5-F39866050A61}.Debug|Any CPU.Build.0 = Debug|Any CPU
		{C71FF3A3-1824-41F7-97B5-F39866050A61}.Release|Any CPU.ActiveCfg = Release|Any CPU
		{C71FF3A3-1824-41F7-97B5-F39866050A61}.Release|Any CPU.Build.0 = Release|Any CPU
		{20C868AD-13AE-4663-B122-750E61975610}.Debug|Any CPU.ActiveCfg = Debug|Any CPU
		{20C868AD-13AE-4663-B122-750E61975610}.Debug|Any CPU.Build.0 = Debug|Any CPU
		{20C868AD-13AE-4663-B122-750E61975610}.Release|Any CPU.ActiveCfg = Release|Any CPU
		{20C868AD-13AE-4663-B122-750E61975610}.Release|Any CPU.Build.0 = Release|Any CPU
		{5F13C99E-91E0-41EC-BA87-C4EA8E82C665}.Debug|Any CPU.ActiveCfg = Debug|Any CPU
		{5F13C99E-91E0-41EC-BA87-C4EA8E82C665}.Debug|Any CPU.Build.0 = Debug|Any CPU
		{5F13C99E-91E0-41EC-BA87-C4EA8E82C665}.Release|Any CPU.ActiveCfg = Release|Any CPU
		{5F13C99E-91E0-41EC-BA87-C4EA8E82C665}.Release|Any CPU.Build.0 = Release|Any CPU
		{E6CAE12D-8B54-4AB9-8FCA-BF195B3E1FC8}.Debug|Any CPU.ActiveCfg = Debug|Any CPU
		{E6CAE12D-8B54-4AB9-8FCA-BF195B3E1FC8}.Debug|Any CPU.Build.0 = Debug|Any CPU
		{E6CAE12D-8B54-4AB9-8FCA-BF195B3E1FC8}.Release|Any CPU.ActiveCfg = Release|Any CPU
		{E6CAE12D-8B54-4AB9-8FCA-BF195B3E1FC8}.Release|Any CPU.Build.0 = Release|Any CPU
		{E31901D8-A144-48C9-BD49-9FF20B4A95E0}.Debug|Any CPU.ActiveCfg = Debug|Any CPU
		{E31901D8-A144-48C9-BD49-9FF20B4A95E0}.Debug|Any CPU.Build.0 = Debug|Any CPU
		{E31901D8-A144-48C9-BD49-9FF20B4A95E0}.Release|Any CPU.ActiveCfg = Release|Any CPU
		{E31901D8-A144-48C9-BD49-9FF20B4A95E0}.Release|Any CPU.Build.0 = Release|Any CPU
		{F42DAC09-FB5D-4747-8265-1826CAB4B933}.Debug|Any CPU.ActiveCfg = Debug|Any CPU
		{F42DAC09-FB5D-4747-8265-1826CAB4B933}.Debug|Any CPU.Build.0 = Debug|Any CPU
		{F42DAC09-FB5D-4747-8265-1826CAB4B933}.Release|Any CPU.ActiveCfg = Release|Any CPU
		{F42DAC09-FB5D-4747-8265-1826CAB4B933}.Release|Any CPU.Build.0 = Release|Any CPU
	EndGlobalSection
	GlobalSection(SolutionProperties) = preSolution
		HideSolutionNode = FALSE
	EndGlobalSection
	GlobalSection(ExtensibilityGlobals) = postSolution
		SolutionGuid = {1337F0DE-AC0A-4A6B-8A72-691DAD0CC764}
	EndGlobalSection
EndGlobal
